
Microsoft Visual Studio Solution File, Format Version 12.00
# Visual Studio Version 16
VisualStudioVersion = 16.0.31702.278
MinimumVisualStudioVersion = 10.0.40219.1
Project("{8BC9CEB8-8B4A-11D0-8D11-00A0C91BC942}") = "input_txt_output_to_console", "input_txt_output_to_console\input_txt_output_to_console.vcxproj", "{85355A5D-01D1-46CE-BC82-6164CBFECAA2}"
	ProjectSection(ProjectDependencies) = postProject
		{89F85D6C-8190-434E-9F6B-CFD019907F2B} = {89F85D6C-8190-434E-9F6B-CFD019907F2B}
	EndProjectSection
EndProject
Project("{8BC9CEB8-8B4A-11D0-8D11-00A0C91BC942}") = "input_txt_output_to_console_test", "input_txt_output_to_console_test\input_txt_output_to_console_test.vcxproj", "{31350C73-351D-491F-A343-D98824D0FA21}"
	ProjectSection(ProjectDependencies) = postProject
		{89F85D6C-8190-434E-9F6B-CFD019907F2B} = {89F85D6C-8190-434E-9F6B-CFD019907F2B}
	EndProjectSection
EndProject
Project("{8BC9CEB8-8B4A-11D0-8D11-00A0C91BC942}") = "input_txt_output_to_console_lib", "input_txt_output_to_console_lib\input_txt_output_to_console_lib.vcxproj", "{89F85D6C-8190-434E-9F6B-CFD019907F2B}"
EndProject
Global
	GlobalSection(SolutionConfigurationPlatforms) = preSolution
		Debug|x64 = Debug|x64
		Debug|x86 = Debug|x86
		Release|x64 = Release|x64
		Release|x86 = Release|x86
	EndGlobalSection
	GlobalSection(ProjectConfigurationPlatforms) = postSolution
		{85355A5D-01D1-46CE-BC82-6164CBFECAA2}.Debug|x64.ActiveCfg = Debug|x64
		{85355A5D-01D1-46CE-BC82-6164CBFECAA2}.Debug|x64.Build.0 = Debug|x64
		{85355A5D-01D1-46CE-BC82-6164CBFECAA2}.Debug|x86.ActiveCfg = Debug|Win32
		{85355A5D-01D1-46CE-BC82-6164CBFECAA2}.Debug|x86.Build.0 = Debug|Win32
		{85355A5D-01D1-46CE-BC82-6164CBFECAA2}.Release|x64.ActiveCfg = Release|x64
		{85355A5D-01D1-46CE-BC82-6164CBFECAA2}.Release|x64.Build.0 = Release|x64
		{85355A5D-01D1-46CE-BC82-6164CBFECAA2}.Release|x86.ActiveCfg = Release|Win32
		{85355A5D-01D1-46CE-BC82-6164CBFECAA2}.Release|x86.Build.0 = Release|Win32
		{31350C73-351D-491F-A343-D98824D0FA21}.Debug|x64.ActiveCfg = Debug|x64
		{31350C73-351D-491F-A343-D98824D0FA21}.Debug|x64.Build.0 = Debug|x64
		{31350C73-351D-491F-A343-D98824D0FA21}.Debug|x86.ActiveCfg = Debug|Win32
		{31350C73-351D-491F-A343-D98824D0FA21}.Debug|x86.Build.0 = Debug|Win32
		{31350C73-351D-491F-A343-D98824D0FA21}.Release|x64.ActiveCfg = Release|x64
		{31350C73-351D-491F-A343-D98824D0FA21}.Release|x64.Build.0 = Release|x64
		{31350C73-351D-491F-A343-D98824D0FA21}.Release|x86.ActiveCfg = Release|Win32
		{31350C73-351D-491F-A343-D98824D0FA21}.Release|x86.Build.0 = Release|Win32
		{89F85D6C-8190-434E-9F6B-CFD019907F2B}.Debug|x64.ActiveCfg = Debug|x64
		{89F85D6C-8190-434E-9F6B-CFD019907F2B}.Debug|x64.Build.0 = Debug|x64
		{89F85D6C-8190-434E-9F6B-CFD019907F2B}.Debug|x86.ActiveCfg = Debug|Win32
		{89F85D6C-8190-434E-9F6B-CFD019907F2B}.Debug|x86.Build.0 = Debug|Win32
		{89F85D6C-8190-434E-9F6B-CFD019907F2B}.Release|x64.ActiveCfg = Release|x64
		{89F85D6C-8190-434E-9F6B-CFD019907F2B}.Release|x64.Build.0 = Release|x64
		{89F85D6C-8190-434E-9F6B-CFD019907F2B}.Release|x86.ActiveCfg = Release|Win32
		{89F85D6C-8190-434E-9F6B-CFD019907F2B}.Release|x86.Build.0 = Release|Win32
	EndGlobalSection
	GlobalSection(SolutionProperties) = preSolution
		HideSolutionNode = FALSE
	EndGlobalSection
	GlobalSection(ExtensibilityGlobals) = postSolution
		SolutionGuid = {65707DB8-CD42-4C39-8A28-1534CC9B317D}
	EndGlobalSection
EndGlobal
